Microsoft Visual Studio Solution File, Format Version 12.00
# Visual Studio Version 17
VisualStudioVersion = 17.5.2.0
MinimumVisualStudioVersion = 10.0.40219.1
Project("{FAE04EC0-301F-11D3-BF4B-00C04F79EFBC}") = "StockDashboardApp", "StockDashboardApp\StockDashboardApp.csproj", "{D5DB0FFF-79AA-D2DE-35B1-EF2915F3B453}"
EndProject
Global
	GlobalSection(SolutionConfigurationPlatforms) = preSolution
		Debug|Any CPU = Debug|Any CPU
		Release|Any CPU = Release|Any CPU
	EndGlobalSection
	GlobalSection(ProjectConfigurationPlatforms) = postSolution
		{D5DB0FFF-79AA-D2DE-35B1-EF2915F3B453}.Debug|Any CPU.ActiveCfg = Debug|Any CPU
		{D5DB0FFF-79AA-D2DE-35B1-EF2915F3B453}.Debug|Any CPU.Build.0 = Debug|Any CPU
		{D5DB0FFF-79AA-D2DE-35B1-EF2915F3B453}.Release|Any CPU.ActiveCfg = Release|Any CPU
		{D5DB0FFF-79AA-D2DE-35B1-EF2915F3B453}.Release|Any CPU.Build.0 = Release|Any CPU
	EndGlobalSection
	GlobalSection(SolutionProperties) = preSolution
		HideSolutionNode = FALSE
	EndGlobalSection
	GlobalSection(ExtensibilityGlobals) = postSolution
		SolutionGuid = {5D7A343E-A9A0-4E57-8DC1-6C54B4CB41BA}
	EndGlobalSection
EndGlobal
